
Microsoft Visual Studio Solution File, Format Version 12.00
# Visual Studio Version 16
VisualStudioVersion = 16.0.30503.244
MinimumVisualStudioVersion = 10.0.40219.1
Project("{FAE04EC0-301F-11D3-BF4B-00C04F79EFBC}") = "Assignment1_N01419873", "Assignment1_N01419873\Assignment1_N01419873.csproj", "{5375F8B3-329E-42C2-91A4-65782EA8B236}"
EndProject
Global
	GlobalSection(SolutionConfigurationPlatforms) = preSolution
		Debug|Any CPU = Debug|Any CPU
		Release|Any CPU = Release|Any CPU
	EndGlobalSection
	GlobalSection(ProjectConfigurationPlatforms) = postSolution
		{5375F8B3-329E-42C2-91A4-65782EA8B236}.Debug|Any CPU.ActiveCfg = Debug|Any CPU
		{5375F8B3-329E-42C2-91A4-65782EA8B236}.Debug|Any CPU.Build.0 = Debug|Any CPU
		{5375F8B3-329E-42C2-91A4-65782EA8B236}.Release|Any CPU.ActiveCfg = Release|Any CPU
		{5375F8B3-329E-42C2-91A4-65782EA8B236}.Release|Any CPU.Build.0 = Release|Any CPU
	EndGlobalSection
	GlobalSection(SolutionProperties) = preSolution
		HideSolutionNode = FALSE
	EndGlobalSection
	GlobalSection(ExtensibilityGlobals) = postSolution
		SolutionGuid = {CA7FDBBF-42E3-4C1F-AD2B-45CE9BA4682A}
	EndGlobalSection
EndGlobal
